<Solution>
  <Project Path="Unity.Cinemachine.Editor.csproj" />
  <Project Path="SampleAssembly.csproj" />
  <Project Path="Unity.Cinemachine.csproj" />
  <Project Path="Assembly-CSharp.csproj" />
  <Project Path="Assembly-CSharp-firstpass.csproj" />
  <Project Path="Assembly-CSharp-Editor.csproj" />
</Solution>
